// !$*UTF8*$!
{
	archiveVersion = 1;
	classes = {
	};
	objectVersion = 50;
	objects = {

/* Begin PBXBuildFile section */
		620C019D25F2CCE60049ED0B /* TitleCell.swift in Sources */ = {isa = PBXBuildFile; fileRef = 620C019425F2CCE60049ED0B /* TitleCell.swift */; };
		620C019E25F2CCE60049ED0B /* FavoritesCell.swift in Sources */ = {isa = PBXBuildFile; fileRef = 620C019525F2CCE60049ED0B /* FavoritesCell.swift */; };
		620C019F25F2CCE60049ED0B /* FeaturedCell.xib in Resources */ = {isa = PBXBuildFile; fileRef = 620C019625F2CCE60049ED0B /* FeaturedCell.xib */; };
		620C01A025F2CCE60049ED0B /* GridCell.xib in Resources */ = {isa = PBXBuildFile; fileRef = 620C019725F2CCE60049ED0B /* GridCell.xib */; };
		620C01A125F2CCE60049ED0B /* FavoritesCell.xib in Resources */ = {isa = PBXBuildFile; fileRef = 620C019825F2CCE60049ED0B /* FavoritesCell.xib */; };
		620C01A225F2CCE60049ED0B /* TitleCell.xib in Resources */ = {isa = PBXBuildFile; fileRef = 620C019925F2CCE60049ED0B /* TitleCell.xib */; };
		620C01A325F2CCE60049ED0B /* FeaturedCell.swift in Sources */ = {isa = PBXBuildFile; fileRef = 620C019A25F2CCE60049ED0B /* FeaturedCell.swift */; };
		620C01A425F2CCE60049ED0B /* GridCell.swift in Sources */ = {isa = PBXBuildFile; fileRef = 620C019B25F2CCE60049ED0B /* GridCell.swift */; };
		620C01A525F2CCE60049ED0B /* Section.swift in Sources */ = {isa = PBXBuildFile; fileRef = 620C019C25F2CCE60049ED0B /* Section.swift */; };
		620C01A825F2CD020049ED0B /* FeaturedSection.swift in Sources */ = {isa = PBXBuildFile; fileRef = 620C01A725F2CD020049ED0B /* FeaturedSection.swift */; };
		620C01AB25F2CD0A0049ED0B /* FavoritesSection.swift in Sources */ = {isa = PBXBuildFile; fileRef = 620C01AA25F2CD0A0049ED0B /* FavoritesSection.swift */; };
		620C01AE25F2CD230049ED0B /* TitleSection.swift in Sources */ = {isa = PBXBuildFile; fileRef = 620C01AD25F2CD230049ED0B /* TitleSection.swift */; };
		620C01B225F309460049ED0B /* Ingredient.swift in Sources */ = {isa = PBXBuildFile; fileRef = 620C01B125F309460049ED0B /* Ingredient.swift */; };
		620C01B725F31D9C0049ED0B /* IngredientCell.swift in Sources */ = {isa = PBXBuildFile; fileRef = 620C01B625F31D9C0049ED0B /* IngredientCell.swift */; };
		620C01C325F34C960049ED0B /* HistoryCell.swift in Sources */ = {isa = PBXBuildFile; fileRef = 620C01C225F34C960049ED0B /* HistoryCell.swift */; };
		620C01C725F3514B0049ED0B /* Order.swift in Sources */ = {isa = PBXBuildFile; fileRef = 620C01C625F3514B0049ED0B /* Order.swift */; };
		620C01CB25F355960049ED0B /* OrderList.swift in Sources */ = {isa = PBXBuildFile; fileRef = 620C01CA25F355960049ED0B /* OrderList.swift */; };
		624C144D25DB3901004FC88E /* HomeVC.swift in Sources */ = {isa = PBXBuildFile; fileRef = 624C144C25DB3901004FC88E /* HomeVC.swift */; };
		624C145025DB391F004FC88E /* LoginVC.swift in Sources */ = {isa = PBXBuildFile; fileRef = 624C144F25DB391F004FC88E /* LoginVC.swift */; };
		626F40A825C8D41A0032CEEE /* AppDelegate.swift in Sources */ = {isa = PBXBuildFile; fileRef = 626F40A725C8D41A0032CEEE /* AppDelegate.swift */; };
		626F40AA25C8D41A0032CEEE /* SceneDelegate.swift in Sources */ = {isa = PBXBuildFile; fileRef = 626F40A925C8D41A0032CEEE /* SceneDelegate.swift */; };
		626F40AC25C8D41A0032CEEE /* OnboardingVC.swift in Sources */ = {isa = PBXBuildFile; fileRef = 626F40AB25C8D41A0032CEEE /* OnboardingVC.swift */; };
		626F40B125C8D41E0032CEEE /* Assets.xcassets in Resources */ = {isa = PBXBuildFile; fileRef = 626F40B025C8D41E0032CEEE /* Assets.xcassets */; };
		626F40B425C8D41E0032CEEE /* LaunchScreen.storyboard in Resources */ = {isa = PBXBuildFile; fileRef = 626F40B225C8D41E0032CEEE /* LaunchScreen.storyboard */; };
		62C7945925EDE3BF0078772F /* ProfileViewController.swift in Sources */ = {isa = PBXBuildFile; fileRef = 62C7945825EDE3BF0078772F /* ProfileViewController.swift */; };
		62EF3A4E25E70A3300637800 /* TabBarController.swift in Sources */ = {isa = PBXBuildFile; fileRef = 62EF3A4D25E70A3300637800 /* TabBarController.swift */; };
		62EF3A5225E7176A00637800 /* IngredientVC.swift in Sources */ = {isa = PBXBuildFile; fileRef = 62EF3A5125E7176A00637800 /* IngredientVC.swift */; };
		62EF3A5725E7249D00637800 /* historyVC.swift in Sources */ = {isa = PBXBuildFile; fileRef = 62EF3A5625E7249D00637800 /* historyVC.swift */; };
/* End PBXBuildFile section */

/* Begin PBXFileReference section */
		620C019425F2CCE60049ED0B /* TitleCell.swift */ = {isa = PBXFileReference; fileEncoding = 4; lastKnownFileType = sourcecode.swift; path = TitleCell.swift; sourceTree = "<group>"; };
		620C019525F2CCE60049ED0B /* FavoritesCell.swift */ = {isa = PBXFileReference; fileEncoding = 4; lastKnownFileType = sourcecode.swift; path = FavoritesCell.swift; sourceTree = "<group>"; };
		620C019625F2CCE60049ED0B /* FeaturedCell.xib */ = {isa = PBXFileReference; fileEncoding = 4; lastKnownFileType = file.xib; path = FeaturedCell.xib; sourceTree = "<group>"; };
		620C019725F2CCE60049ED0B /* GridCell.xib */ = {isa = PBXFileReference; fileEncoding = 4; lastKnownFileType = file.xib; path = GridCell.xib; sourceTree = "<group>"; };
		620C019825F2CCE60049ED0B /* FavoritesCell.xib */ = {isa = PBXFileReference; fileEncoding = 4; lastKnownFileType = file.xib; path = FavoritesCell.xib; sourceTree = "<group>"; };
		620C019925F2CCE60049ED0B /* TitleCell.xib */ = {isa = PBXFileReference; fileEncoding = 4; lastKnownFileType = file.xib; path = TitleCell.xib; sourceTree = "<group>"; };
		620C019A25F2CCE60049ED0B /* FeaturedCell.swift */ = {isa = PBXFileReference; fileEncoding = 4; lastKnownFileType = sourcecode.swift; path = FeaturedCell.swift; sourceTree = "<group>"; };
		620C019B25F2CCE60049ED0B /* GridCell.swift */ = {isa = PBXFileReference; fileEncoding = 4; lastKnownFileType = sourcecode.swift; path = GridCell.swift; sourceTree = "<group>"; };
		620C019C25F2CCE60049ED0B /* Section.swift */ = {isa = PBXFileReference; fileEncoding = 4; lastKnownFileType = sourcecode.swift; path = Section.swift; sourceTree = "<group>"; };
		620C01A725F2CD020049ED0B /* FeaturedSection.swift */ = {isa = PBXFileReference; fileEncoding = 4; lastKnownFileType = sourcecode.swift; name = FeaturedSection.swift; path = "../../../../../../../../Downloads/CompositionalLayout-master/CompositionalCollection/Sections/FeaturedSection.swift"; sourceTree = "<group>"; };
		620C01AA25F2CD0A0049ED0B /* FavoritesSection.swift */ = {isa = PBXFileReference; fileEncoding = 4; lastKnownFileType = sourcecode.swift; name = FavoritesSection.swift; path = "../../../../../../../../Downloads/CompositionalLayout-master/CompositionalCollection/Sections/FavoritesSection.swift"; sourceTree = "<group>"; };
		620C01AD25F2CD230049ED0B /* TitleSection.swift */ = {isa = PBXFileReference; fileEncoding = 4; lastKnownFileType = sourcecode.swift; name = TitleSection.swift; path = "../../../../../../../../Downloads/CompositionalLayout-master/CompositionalCollection/Sections/TitleSection.swift"; sourceTree = "<group>"; };
		620C01B125F309460049ED0B /* Ingredient.swift */ = {isa = PBXFileReference; lastKnownFileType = sourcecode.swift; path = Ingredient.swift; sourceTree = "<group>"; };
		620C01B625F31D9C0049ED0B /* IngredientCell.swift */ = {isa = PBXFileReference; lastKnownFileType = sourcecode.swift; path = IngredientCell.swift; sourceTree = "<group>"; };
		620C01C225F34C960049ED0B /* HistoryCell.swift */ = {isa = PBXFileReference; lastKnownFileType = sourcecode.swift; path = HistoryCell.swift; sourceTree = "<group>"; };
		620C01C625F3514B0049ED0B /* Order.swift */ = {isa = PBXFileReference; lastKnownFileType = sourcecode.swift; path = Order.swift; sourceTree = "<group>"; };
		620C01CA25F355960049ED0B /* OrderList.swift */ = {isa = PBXFileReference; lastKnownFileType = sourcecode.swift; name = OrderList.swift; path = History/OrderList.swift; sourceTree = SOURCE_ROOT; };
		624C144C25DB3901004FC88E /* HomeVC.swift */ = {isa = PBXFileReference; lastKnownFileType = sourcecode.swift; path = HomeVC.swift; sourceTree = "<group>"; };
		624C144F25DB391F004FC88E /* LoginVC.swift */ = {isa = PBXFileReference; lastKnownFileType = sourcecode.swift; path = LoginVC.swift; sourceTree = "<group>"; };
		626F40A425C8D41A0032CEEE /* SubscriptionBox.app */ = {isa = PBXFileReference; explicitFileType = wrapper.application; includeInIndex = 0; path = SubscriptionBox.app; sourceTree = BUILT_PRODUCTS_DIR; };
		626F40A725C8D41A0032CEEE /* AppDelegate.swift */ = {isa = PBXFileReference; lastKnownFileType = sourcecode.swift; path = AppDelegate.swift; sourceTree = "<group>"; };
		626F40A925C8D41A0032CEEE /* SceneDelegate.swift */ = {isa = PBXFileReference; lastKnownFileType = sourcecode.swift; path = SceneDelegate.swift; sourceTree = "<group>"; };
		626F40AB25C8D41A0032CEEE /* OnboardingVC.swift */ = {isa = PBXFileReference; lastKnownFileType = sourcecode.swift; path = OnboardingVC.swift; sourceTree = "<group>"; };
		626F40B025C8D41E0032CEEE /* Assets.xcassets */ = {isa = PBXFileReference; lastKnownFileType = folder.assetcatalog; path = Assets.xcassets; sourceTree = "<group>"; };
		626F40B325C8D41E0032CEEE /* Base */ = {isa = PBXFileReference; lastKnownFileType = file.storyboard; name = Base; path = Base.lproj/LaunchScreen.storyboard; sourceTree = "<group>"; };
		626F40B525C8D41E0032CEEE /* Info.plist */ = {isa = PBXFileReference; lastKnownFileType = text.plist.xml; path = Info.plist; sourceTree = "<group>"; };
		62C7945825EDE3BF0078772F /* ProfileViewController.swift */ = {isa = PBXFileReference; lastKnownFileType = sourcecode.swift; path = ProfileViewController.swift; sourceTree = "<group>"; };
		62EF3A4D25E70A3300637800 /* TabBarController.swift */ = {isa = PBXFileReference; lastKnownFileType = sourcecode.swift; path = TabBarController.swift; sourceTree = "<group>"; };
		62EF3A5125E7176A00637800 /* IngredientVC.swift */ = {isa = PBXFileReference; lastKnownFileType = sourcecode.swift; path = IngredientVC.swift; sourceTree = "<group>"; };
		62EF3A5625E7249D00637800 /* historyVC.swift */ = {isa = PBXFileReference; lastKnownFileType = sourcecode.swift; path = historyVC.swift; sourceTree = "<group>"; };
/* End PBXFileReference section */

/* Begin PBXFrameworksBuildPhase section */
		626F40A125C8D41A0032CEEE /* Frameworks */ = {
			isa = PBXFrameworksBuildPhase;
			buildActionMask = 2147483647;
			files = (
			);
			runOnlyForDeploymentPostprocessing = 0;
		};
/* End PBXFrameworksBuildPhase section */

/* Begin PBXGroup section */
		620C018F25F2C8880049ED0B /* Home */ = {
			isa = PBXGroup;
			children = (
				624C144C25DB3901004FC88E /* HomeVC.swift */,
				620C019125F2CC2A0049ED0B /* Sections */,
			);
			path = Home;
			sourceTree = "<group>";
		};
		620C019125F2CC2A0049ED0B /* Sections */ = {
			isa = PBXGroup;
			children = (
				620C01AD25F2CD230049ED0B /* TitleSection.swift */,
				620C01A725F2CD020049ED0B /* FeaturedSection.swift */,
				620C01AA25F2CD0A0049ED0B /* FavoritesSection.swift */,
				620C019225F2CCE60049ED0B /* Views */,
			);
			path = Sections;
			sourceTree = "<group>";
		};
		620C019225F2CCE60049ED0B /* Views */ = {
			isa = PBXGroup;
			children = (
				620C019325F2CCE60049ED0B /* Cells */,
				620C019C25F2CCE60049ED0B /* Section.swift */,
			);
			name = Views;
			path = "../../../../../../../../Downloads/CompositionalLayout-master/CompositionalCollection/Views";
			sourceTree = "<group>";
		};
		620C019325F2CCE60049ED0B /* Cells */ = {
			isa = PBXGroup;
			children = (
				620C019425F2CCE60049ED0B /* TitleCell.swift */,
				620C019525F2CCE60049ED0B /* FavoritesCell.swift */,
				620C019625F2CCE60049ED0B /* FeaturedCell.xib */,
				620C019725F2CCE60049ED0B /* GridCell.xib */,
				620C019825F2CCE60049ED0B /* FavoritesCell.xib */,
				620C019925F2CCE60049ED0B /* TitleCell.xib */,
				620C019A25F2CCE60049ED0B /* FeaturedCell.swift */,
				620C019B25F2CCE60049ED0B /* GridCell.swift */,
			);
			path = Cells;
			sourceTree = "<group>";
		};
		620C01B025F309260049ED0B /* New */ = {
			isa = PBXGroup;
			children = (
				62EF3A5125E7176A00637800 /* IngredientVC.swift */,
				620C01B125F309460049ED0B /* Ingredient.swift */,
				620C01B625F31D9C0049ED0B /* IngredientCell.swift */,
			);
			path = New;
			sourceTree = "<group>";
		};
		620C01BB25F331720049ED0B /* History */ = {
			isa = PBXGroup;
			children = (
				62EF3A5625E7249D00637800 /* historyVC.swift */,
				620C01C625F3514B0049ED0B /* Order.swift */,
				620C01CA25F355960049ED0B /* OrderList.swift */,
				620C01C225F34C960049ED0B /* HistoryCell.swift */,
			);
			path = History;
			sourceTree = "<group>";
		};
		624C144625DB2BC7004FC88E /* Resources */ = {
			isa = PBXGroup;
			children = (
				626F40B025C8D41E0032CEEE /* Assets.xcassets */,
			);
			path = Resources;
			sourceTree = "<group>";
		};
		624C144725DB2C26004FC88E /* Onboarding */ = {
			isa = PBXGroup;
			children = (
				626F40AB25C8D41A0032CEEE /* OnboardingVC.swift */,
			);
			path = Onboarding;
			sourceTree = "<group>";
		};
		626F409B25C8D41A0032CEEE = {
			isa = PBXGroup;
			children = (
				626F40A625C8D41A0032CEEE /* SubscriptionBox */,
				62C7945E25EDE96A0078772F /* Navigation */,
				620C01BB25F331720049ED0B /* History */,
				620C01B025F309260049ED0B /* New */,
				620C018F25F2C8880049ED0B /* Home */,
				624C144725DB2C26004FC88E /* Onboarding */,
				624C144625DB2BC7004FC88E /* Resources */,
				626F40A525C8D41A0032CEEE /* Products */,
				626F40B225C8D41E0032CEEE /* LaunchScreen.storyboard */,
			);
			sourceTree = "<group>";
		};
		626F40A525C8D41A0032CEEE /* Products */ = {
			isa = PBXGroup;
			children = (
				626F40A425C8D41A0032CEEE /* SubscriptionBox.app */,
			);
			name = Products;
			sourceTree = "<group>";
		};
		626F40A625C8D41A0032CEEE /* SubscriptionBox */ = {
			isa = PBXGroup;
			children = (
				626F40B525C8D41E0032CEEE /* Info.plist */,
				626F40A725C8D41A0032CEEE /* AppDelegate.swift */,
				626F40A925C8D41A0032CEEE /* SceneDelegate.swift */,
			);
			path = SubscriptionBox;
			sourceTree = "<group>";
		};
		62C7945E25EDE96A0078772F /* Navigation */ = {
			isa = PBXGroup;
			children = (
				624C144F25DB391F004FC88E /* LoginVC.swift */,
				62EF3A4D25E70A3300637800 /* TabBarController.swift */,
				62C7946025EDE9E00078772F /* TabBarVC's */,
			);
			path = Navigation;
			sourceTree = "<group>";
		};
		62C7946025EDE9E00078772F /* TabBarVC's */ = {
			isa = PBXGroup;
			children = (
				62C7945825EDE3BF0078772F /* ProfileViewController.swift */,
			);
			path = "TabBarVC's";
			sourceTree = "<group>";
		};
/* End PBXGroup section */

/* Begin PBXNativeTarget section */
		626F40A325C8D41A0032CEEE /* SubscriptionBox */ = {
			isa = PBXNativeTarget;
			buildConfigurationList = 626F40B825C8D41E0032CEEE /* Build configuration list for PBXNativeTarget "SubscriptionBox" */;
			buildPhases = (
				626F40A025C8D41A0032CEEE /* Sources */,
				626F40A125C8D41A0032CEEE /* Frameworks */,
				626F40A225C8D41A0032CEEE /* Resources */,
			);
			buildRules = (
			);
			dependencies = (
			);
			name = SubscriptionBox;
			productName = SubscriptionBox;
			productReference = 626F40A425C8D41A0032CEEE /* SubscriptionBox.app */;
			productType = "com.apple.product-type.application";
		};
/* End PBXNativeTarget section */

/* Begin PBXProject section */
		626F409C25C8D41A0032CEEE /* Project object */ = {
			isa = PBXProject;
			attributes = {
				LastSwiftUpdateCheck = 1240;
				LastUpgradeCheck = 1240;
				TargetAttributes = {
					626F40A325C8D41A0032CEEE = {
						CreatedOnToolsVersion = 12.4;
					};
				};
			};
			buildConfigurationList = 626F409F25C8D41A0032CEEE /* Build configuration list for PBXProject "SubscriptionBox" */;
			compatibilityVersion = "Xcode 9.3";
			developmentRegion = en;
			hasScannedForEncodings = 0;
			knownRegions = (
				en,
				Base,
			);
			mainGroup = 626F409B25C8D41A0032CEEE;
			productRefGroup = 626F40A525C8D41A0032CEEE /* Products */;
			projectDirPath = "";
			projectRoot = "";
			targets = (
				626F40A325C8D41A0032CEEE /* SubscriptionBox */,
			);
		};
/* End PBXProject section */

/* Begin PBXResourcesBuildPhase section */
		626F40A225C8D41A0032CEEE /* Resources */ = {
			isa = PBXResourcesBuildPhase;
			buildActionMask = 2147483647;
			files = (
				626F40B425C8D41E0032CEEE /* LaunchScreen.storyboard in Resources */,
				620C019F25F2CCE60049ED0B /* FeaturedCell.xib in Resources */,
				620C01A225F2CCE60049ED0B /* TitleCell.xib in Resources */,
				626F40B125C8D41E0032CEEE /* Assets.xcassets in Resources */,
				620C01A025F2CCE60049ED0B /* GridCell.xib in Resources */,
				620C01A125F2CCE60049ED0B /* FavoritesCell.xib in Resources */,
			);
			runOnlyForDeploymentPostprocessing = 0;
		};
/* End PBXResourcesBuildPhase section */

/* Begin PBXSourcesBuildPhase section */
		626F40A025C8D41A0032CEEE /* Sources */ = {
			isa = PBXSourcesBuildPhase;
			buildActionMask = 2147483647;
			files = (
				62EF3A5225E7176A00637800 /* IngredientVC.swift in Sources */,
				62C7945925EDE3BF0078772F /* ProfileViewController.swift in Sources */,
				620C019D25F2CCE60049ED0B /* TitleCell.swift in Sources */,
				620C01A525F2CCE60049ED0B /* Section.swift in Sources */,
				626F40AC25C8D41A0032CEEE /* OnboardingVC.swift in Sources */,
				624C144D25DB3901004FC88E /* HomeVC.swift in Sources */,
				620C01C725F3514B0049ED0B /* Order.swift in Sources */,
				626F40A825C8D41A0032CEEE /* AppDelegate.swift in Sources */,
				62EF3A4E25E70A3300637800 /* TabBarController.swift in Sources */,
				620C01A425F2CCE60049ED0B /* GridCell.swift in Sources */,
				620C01AB25F2CD0A0049ED0B /* FavoritesSection.swift in Sources */,
				620C01B225F309460049ED0B /* Ingredient.swift in Sources */,
				620C01B725F31D9C0049ED0B /* IngredientCell.swift in Sources */,
				626F40AA25C8D41A0032CEEE /* SceneDelegate.swift in Sources */,
				620C01CB25F355960049ED0B /* OrderList.swift in Sources */,
				624C145025DB391F004FC88E /* LoginVC.swift in Sources */,
				620C01C325F34C960049ED0B /* HistoryCell.swift in Sources */,
				620C01A325F2CCE60049ED0B /* FeaturedCell.swift in Sources */,
				620C01AE25F2CD230049ED0B /* TitleSection.swift in Sources */,
				62EF3A5725E7249D00637800 /* historyVC.swift in Sources */,
				620C01A825F2CD020049ED0B /* FeaturedSection.swift in Sources */,
				620C019E25F2CCE60049ED0B /* FavoritesCell.swift in Sources */,
			);
			runOnlyForDeploymentPostprocessing = 0;
		};
/* End PBXSourcesBuildPhase section */

/* Begin PBXVariantGroup section */
		626F40B225C8D41E0032CEEE /* LaunchScreen.storyboard */ = {
			isa = PBXVariantGroup;
			children = (
				626F40B325C8D41E0032CEEE /* Base */,
			);
			name = LaunchScreen.storyboard;
			sourceTree = "<group>";
		};
/* End PBXVariantGroup section */

/* Begin XCBuildConfiguration section */
		626F40B625C8D41E0032CEEE /* Debug */ = {
			isa = XCBuildConfiguration;
			buildSettings = {
				ALWAYS_SEARCH_USER_PATHS = NO;
				CLANG_ANALYZER_NONNULL = YES;
				CLANG_ANALYZER_NUMBER_OBJECT_CONVERSION = YES_AGGRESSIVE;
				CLANG_CXX_LANGUAGE_STANDARD = "gnu++14";
				CLANG_CXX_LIBRARY = "libc++";
				CLANG_ENABLE_MODULES = YES;
				CLANG_ENABLE_OBJC_ARC = YES;
				CLANG_ENABLE_OBJC_WEAK = YES;
				CLANG_WARN_BLOCK_CAPTURE_AUTORELEASING = YES;
				CLANG_WARN_BOOL_CONVERSION = YES;
				CLANG_WARN_COMMA = YES;
				CLANG_WARN_CONSTANT_CONVERSION = YES;
				CLANG_WARN_DEPRECATED_OBJC_IMPLEMENTATIONS = YES;
				CLANG_WARN_DIRECT_OBJC_ISA_USAGE = YES_ERROR;
				CLANG_WARN_DOCUMENTATION_COMMENTS = YES;
				CLANG_WARN_EMPTY_BODY = YES;
				CLANG_WARN_ENUM_CONVERSION = YES;
				CLANG_WARN_INFINITE_RECURSION = YES;
				CLANG_WARN_INT_CONVERSION = YES;
				CLANG_WARN_NON_LITERAL_NULL_CONVERSION = YES;
				CLANG_WARN_OBJC_IMPLICIT_RETAIN_SELF = YES;
				CLANG_WARN_OBJC_LITERAL_CONVERSION = YES;
				CLANG_WARN_OBJC_ROOT_CLASS = YES_ERROR;
				CLANG_WARN_QUOTED_INCLUDE_IN_FRAMEWORK_HEADER = YES;
				CLANG_WARN_RANGE_LOOP_ANALYSIS = YES;
				CLANG_WARN_STRICT_PROTOTYPES = YES;
				CLANG_WARN_SUSPICIOUS_MOVE = YES;
				CLANG_WARN_UNGUARDED_AVAILABILITY = YES_AGGRESSIVE;
				CLANG_WARN_UNREACHABLE_CODE = YES;
				CLANG_WARN__DUPLICATE_METHOD_MATCH = YES;
				COPY_PHASE_STRIP = NO;
				DEBUG_INFORMATION_FORMAT = dwarf;
				ENABLE_STRICT_OBJC_MSGSEND = YES;
				ENABLE_TESTABILITY = YES;
				GCC_C_LANGUAGE_STANDARD = gnu11;
				GCC_DYNAMIC_NO_PIC = NO;
				GCC_NO_COMMON_BLOCKS = YES;
				GCC_OPTIMIZATION_LEVEL = 0;
				GCC_PREPROCESSOR_DEFINITIONS = (
					"DEBUG=1",
					"$(inherited)",
				);
				GCC_WARN_64_TO_32_BIT_CONVERSION = YES;
				GCC_WARN_ABOUT_RETURN_TYPE = YES_ERROR;
				GCC_WARN_UNDECLARED_SELECTOR = YES;
				GCC_WARN_UNINITIALIZED_AUTOS = YES_AGGRESSIVE;
				GCC_WARN_UNUSED_FUNCTION = YES;
				GCC_WARN_UNUSED_VARIABLE = YES;
				IPHONEOS_DEPLOYMENT_TARGET = 14.4;
				MTL_ENABLE_DEBUG_INFO = INCLUDE_SOURCE;
				MTL_FAST_MATH = YES;
				ONLY_ACTIVE_ARCH = YES;
				SDKROOT = iphoneos;
				SWIFT_ACTIVE_COMPILATION_CONDITIONS = DEBUG;
				SWIFT_OPTIMIZATION_LEVEL = "-Onone";
			};
			name = Debug;
		};
		626F40B725C8D41E0032CEEE /* Release */ = {
			isa = XCBuildConfiguration;
			buildSettings = {
				ALWAYS_SEARCH_USER_PATHS = NO;
				CLANG_ANALYZER_NONNULL = YES;
				CLANG_ANALYZER_NUMBER_OBJECT_CONVERSION = YES_AGGRESSIVE;
				CLANG_CXX_LANGUAGE_STANDARD = "gnu++14";
				CLANG_CXX_LIBRARY = "libc++";
				CLANG_ENABLE_MODULES = YES;
				CLANG_ENABLE_OBJC_ARC = YES;
				CLANG_ENABLE_OBJC_WEAK = YES;
				CLANG_WARN_BLOCK_CAPTURE_AUTORELEASING = YES;
				CLANG_WARN_BOOL_CONVERSION = YES;
				CLANG_WARN_COMMA = YES;
				CLANG_WARN_CONSTANT_CONVERSION = YES;
				CLANG_WARN_DEPRECATED_OBJC_IMPLEMENTATIONS = YES;
				CLANG_WARN_DIRECT_OBJC_ISA_USAGE = YES_ERROR;
				CLANG_WARN_DOCUMENTATION_COMMENTS = YES;
				CLANG_WARN_EMPTY_BODY = YES;
				CLANG_WARN_ENUM_CONVERSION = YES;
				CLANG_WARN_INFINITE_RECURSION = YES;
				CLANG_WARN_INT_CONVERSION = YES;
				CLANG_WARN_NON_LITERAL_NULL_CONVERSION = YES;
				CLANG_WARN_OBJC_IMPLICIT_RETAIN_SELF = YES;
				CLANG_WARN_OBJC_LITERAL_CONVERSION = YES;
				CLANG_WARN_OBJC_ROOT_CLASS = YES_ERROR;
				CLANG_WARN_QUOTED_INCLUDE_IN_FRAMEWORK_HEADER = YES;
				CLANG_WARN_RANGE_LOOP_ANALYSIS = YES;
				CLANG_WARN_STRICT_PROTOTYPES = YES;
				CLANG_WARN_SUSPICIOUS_MOVE = YES;
				CLANG_WARN_UNGUARDED_AVAILABILITY = YES_AGGRESSIVE;
				CLANG_WARN_UNREACHABLE_CODE = YES;
				CLANG_WARN__DUPLICATE_METHOD_MATCH = YES;
				COPY_PHASE_STRIP = NO;
				DEBUG_INFORMATION_FORMAT = "dwarf-with-dsym";
				ENABLE_NS_ASSERTIONS = NO;
				ENABLE_STRICT_OBJC_MSGSEND = YES;
				GCC_C_LANGUAGE_STANDARD = gnu11;
				GCC_NO_COMMON_BLOCKS = YES;
				GCC_WARN_64_TO_32_BIT_CONVERSION = YES;
				GCC_WARN_ABOUT_RETURN_TYPE = YES_ERROR;
				GCC_WARN_UNDECLARED_SELECTOR = YES;
				GCC_WARN_UNINITIALIZED_AUTOS = YES_AGGRESSIVE;
				GCC_WARN_UNUSED_FUNCTION = YES;
				GCC_WARN_UNUSED_VARIABLE = YES;
				IPHONEOS_DEPLOYMENT_TARGET = 14.4;
				MTL_ENABLE_DEBUG_INFO = NO;
				MTL_FAST_MATH = YES;
				SDKROOT = iphoneos;
				SWIFT_COMPILATION_MODE = wholemodule;
				SWIFT_OPTIMIZATION_LEVEL = "-O";
				VALIDATE_PRODUCT = YES;
			};
			name = Release;
		};
		626F40B925C8D41E0032CEEE /* Debug */ = {
			isa = XCBuildConfiguration;
			buildSettings = {
				ASSETCATALOG_COMPILER_APPICON_NAME = AppIcon;
				ASSETCATALOG_COMPILER_GLOBAL_ACCENT_COLOR_NAME = AccentColor;
				CODE_SIGN_STYLE = Automatic;
				INFOPLIST_FILE = SubscriptionBox/Info.plist;
				LD_RUNPATH_SEARCH_PATHS = (
					"$(inherited)",
					"@executable_path/Frameworks",
				);
				PRODUCT_BUNDLE_IDENTIFIER = "Make-School.SubscriptionBox";
				PRODUCT_NAME = "$(TARGET_NAME)";
				SWIFT_VERSION = 5.0;
				TARGETED_DEVICE_FAMILY = "1,2";
			};
			name = Debug;
		};
		626F40BA25C8D41E0032CEEE /* Release */ = {
			isa = XCBuildConfiguration;
			buildSettings = {
				ASSETCATALOG_COMPILER_APPICON_NAME = AppIcon;
				ASSETCATALOG_COMPILER_GLOBAL_ACCENT_COLOR_NAME = AccentColor;
				CODE_SIGN_STYLE = Automatic;
				INFOPLIST_FILE = SubscriptionBox/Info.plist;
				LD_RUNPATH_SEARCH_PATHS = (
					"$(inherited)",
					"@executable_path/Frameworks",
				);
				PRODUCT_BUNDLE_IDENTIFIER = "Make-School.SubscriptionBox";
				PRODUCT_NAME = "$(TARGET_NAME)";
				SWIFT_VERSION = 5.0;
				TARGETED_DEVICE_FAMILY = "1,2";
			};
			name = Release;
		};
/* End XCBuildConfiguration section */

/* Begin XCConfigurationList section */
		626F409F25C8D41A0032CEEE /* Build configuration list for PBXProject "SubscriptionBox" */ = {
			isa = XCConfigurationList;
			buildConfigurations = (
				626F40B625C8D41E0032CEEE /* Debug */,
				626F40B725C8D41E0032CEEE /* Release */,
			);
			defaultConfigurationIsVisible = 0;
			defaultConfigurationName = Release;
		};
		626F40B825C8D41E0032CEEE /* Build configuration list for PBXNativeTarget "SubscriptionBox" */ = {
			isa = XCConfigurationList;
			buildConfigurations = (
				626F40B925C8D41E0032CEEE /* Debug */,
				626F40BA25C8D41E0032CEEE /* Release */,
			);
			defaultConfigurationIsVisible = 0;
			defaultConfigurationName = Release;
		};
/* End XCConfigurationList section */
	};
	rootObject = 626F409C25C8D41A0032CEEE /* Project object */;
}
